
Microsoft Visual Studio Solution File, Format Version 12.00
# Visual Studio Version 16
VisualStudioVersion = 16.0.30503.244
MinimumVisualStudioVersion = 10.0.40219.1
Project("{9A19103F-16F7-4668-BE54-9A1E7A4F7556}") = "WideWorldImporters.API", "WideWorldImporters.API\WideWorldImporters.API.csproj", "{0D88B24D-7A1F-4A32-90CE-46495B17276E}"
EndProject
Project("{FAE04EC0-301F-11D3-BF4B-00C04F79EFBC}") = "WideWorldImporters.API.UnitTests", "WideWorldImporters.API.UnitTests\WideWorldImporters.API.UnitTests.csproj", "{B0DD4EFE-A011-4417-AE00-8F371BCB9936}"
EndProject
Project("{FAE04EC0-301F-11D3-BF4B-00C04F79EFBC}") = "WideWorldImporters.API.IntegrationTests", "WideWorldImporters.API.IntegrationTests\WideWorldImporters.API.IntegrationTests.csproj", "{2F51C9D3-8A4E-4F40-BB8F-979CB0B8E185}"
EndProject
Global
	GlobalSection(SolutionConfigurationPlatforms) = preSolution
		Debug|Any CPU = Debug|Any CPU
		Release|Any CPU = Release|Any CPU
	EndGlobalSection
	GlobalSection(ProjectConfigurationPlatforms) = postSolution
		{0D88B24D-7A1F-4A32-90CE-46495B17276E}.Debug|Any CPU.ActiveCfg = Debug|Any CPU
		{0D88B24D-7A1F-4A32-90CE-46495B17276E}.Debug|Any CPU.Build.0 = Debug|Any CPU
		{0D88B24D-7A1F-4A32-90CE-46495B17276E}.Release|Any CPU.ActiveCfg = Release|Any CPU
		{0D88B24D-7A1F-4A32-90CE-46495B17276E}.Release|Any CPU.Build.0 = Release|Any CPU
		{B0DD4EFE-A011-4417-AE00-8F371BCB9936}.Debug|Any CPU.ActiveCfg = Debug|Any CPU
		{B0DD4EFE-A011-4417-AE00-8F371BCB9936}.Debug|Any CPU.Build.0 = Debug|Any CPU
		{B0DD4EFE-A011-4417-AE00-8F371BCB9936}.Release|Any CPU.ActiveCfg = Release|Any CPU
		{B0DD4EFE-A011-4417-AE00-8F371BCB9936}.Release|Any CPU.Build.0 = Release|Any CPU
		{2F51C9D3-8A4E-4F40-BB8F-979CB0B8E185}.Debug|Any CPU.ActiveCfg = Debug|Any CPU
		{2F51C9D3-8A4E-4F40-BB8F-979CB0B8E185}.Debug|Any CPU.Build.0 = Debug|Any CPU
		{2F51C9D3-8A4E-4F40-BB8F-979CB0B8E185}.Release|Any CPU.ActiveCfg = Release|Any CPU
		{2F51C9D3-8A4E-4F40-BB8F-979CB0B8E185}.Release|Any CPU.Build.0 = Release|Any CPU
	EndGlobalSection
	GlobalSection(SolutionProperties) = preSolution
		HideSolutionNode = FALSE
	EndGlobalSection
	GlobalSection(ExtensibilityGlobals) = postSolution
		SolutionGuid = {C02EC7B7-667E-469A-A77A-41B4048E7490}
	EndGlobalSection
EndGlobal
